
Microsoft Visual Studio Solution File, Format Version 12.00
# Visual Studio Version 16
VisualStudioVersion = 16.0.30128.74
MinimumVisualStudioVersion = 10.0.40219.1
Project("{FAE04EC0-301F-11D3-BF4B-00C04F79EFBC}") = "ChatBot", "ChatBot.csproj", "{3E32B2EF-D826-423C-95EA-772E117F585D}"
EndProject
Global
	GlobalSection(SolutionConfigurationPlatforms) = preSolution
		Debug|Any CPU = Debug|Any CPU
		Release|Any CPU = Release|Any CPU
	EndGlobalSection
	GlobalSection(ProjectConfigurationPlatforms) = postSolution
		{3E32B2EF-D826-423C-95EA-772E117F585D}.Debug|Any CPU.ActiveCfg = Debug|Any CPU
		{3E32B2EF-D826-423C-95EA-772E117F585D}.Debug|Any CPU.Build.0 = Debug|Any CPU
		{3E32B2EF-D826-423C-95EA-772E117F585D}.Release|Any CPU.ActiveCfg = Release|Any CPU
		{3E32B2EF-D826-423C-95EA-772E117F585D}.Release|Any CPU.Build.0 = Release|Any CPU
	EndGlobalSection
	GlobalSection(SolutionProperties) = preSolution
		HideSolutionNode = FALSE
	EndGlobalSection
	GlobalSection(ExtensibilityGlobals) = postSolution
		SolutionGuid = {F94CA1FD-3EB5-4393-BDB7-4AC89641CC49}
	EndGlobalSection
EndGlobal
